
Microsoft Visual Studio Solution File, Format Version 12.00
# Visual Studio 2012
Project("{FAE04EC0-301F-11D3-BF4B-00C04F79EFBC}") = "ServiceLocator", "ServiceLocator\ServiceLocator.csproj", "{FCC63155-3445-47BB-BFA3-5C3974180E8A}"
EndProject
Project("{FAE04EC0-301F-11D3-BF4B-00C04F79EFBC}") = "Sample", "Sample\Sample.csproj", "{C380027F-2829-4332-B532-7F844BEB3FDC}"
	ProjectSection(ProjectDependencies) = postProject
		{8A6D279B-C48A-4B39-A033-6384F597CD1C} = {8A6D279B-C48A-4B39-A033-6384F597CD1C}
	EndProjectSection
EndProject
Project("{FAE04EC0-301F-11D3-BF4B-00C04F79EFBC}") = "Business", "Business\Business.csproj", "{8A6D279B-C48A-4B39-A033-6384F597CD1C}"
EndProject
Project("{FAE04EC0-301F-11D3-BF4B-00C04F79EFBC}") = "Tools", "Tools\Tools.csproj", "{141DB3F2-ADE6-44D6-9CEB-6841A3095A2D}"
EndProject
Global
	GlobalSection(SolutionConfigurationPlatforms) = preSolution
		Debug|Any CPU = Debug|Any CPU
		Release|Any CPU = Release|Any CPU
	EndGlobalSection
	GlobalSection(ProjectConfigurationPlatforms) = postSolution
		{FCC63155-3445-47BB-BFA3-5C3974180E8A}.Debug|Any CPU.ActiveCfg = Debug|Any CPU
		{FCC63155-3445-47BB-BFA3-5C3974180E8A}.Debug|Any CPU.Build.0 = Debug|Any CPU
		{FCC63155-3445-47BB-BFA3-5C3974180E8A}.Release|Any CPU.ActiveCfg = Release|Any CPU
		{FCC63155-3445-47BB-BFA3-5C3974180E8A}.Release|Any CPU.Build.0 = Release|Any CPU
		{C380027F-2829-4332-B532-7F844BEB3FDC}.Debug|Any CPU.ActiveCfg = Debug|Any CPU
		{C380027F-2829-4332-B532-7F844BEB3FDC}.Debug|Any CPU.Build.0 = Debug|Any CPU
		{C380027F-2829-4332-B532-7F844BEB3FDC}.Release|Any CPU.ActiveCfg = Release|Any CPU
		{C380027F-2829-4332-B532-7F844BEB3FDC}.Release|Any CPU.Build.0 = Release|Any CPU
		{8A6D279B-C48A-4B39-A033-6384F597CD1C}.Debug|Any CPU.ActiveCfg = Debug|Any CPU
		{8A6D279B-C48A-4B39-A033-6384F597CD1C}.Debug|Any CPU.Build.0 = Debug|Any CPU
		{8A6D279B-C48A-4B39-A033-6384F597CD1C}.Release|Any CPU.ActiveCfg = Release|Any CPU
		{8A6D279B-C48A-4B39-A033-6384F597CD1C}.Release|Any CPU.Build.0 = Release|Any CPU
		{141DB3F2-ADE6-44D6-9CEB-6841A3095A2D}.Debug|Any CPU.ActiveCfg = Debug|Any CPU
		{141DB3F2-ADE6-44D6-9CEB-6841A3095A2D}.Debug|Any CPU.Build.0 = Debug|Any CPU
		{141DB3F2-ADE6-44D6-9CEB-6841A3095A2D}.Release|Any CPU.ActiveCfg = Release|Any CPU
		{141DB3F2-ADE6-44D6-9CEB-6841A3095A2D}.Release|Any CPU.Build.0 = Release|Any CPU
	EndGlobalSection
	GlobalSection(SolutionProperties) = preSolution
		HideSolutionNode = FALSE
	EndGlobalSection
EndGlobal
